// !$*UTF8*$!
{
	archiveVersion = 1;
	classes = {
	};
	objectVersion = 46;
	objects = {

/* Begin PBXBuildFile section */
		F8551D551923B75600F3A77A /* Foundation.framework in Frameworks */ = {isa = PBXBuildFile; fileRef = F8551D541923B75600F3A77A /* Foundation.framework */; };
		F8551D571923B75600F3A77A /* CoreGraphics.framework in Frameworks */ = {isa = PBXBuildFile; fileRef = F8551D561923B75600F3A77A /* CoreGraphics.framework */; };
		F8551D591923B75600F3A77A /* UIKit.framework in Frameworks */ = {isa = PBXBuildFile; fileRef = F8551D581923B75600F3A77A /* UIKit.framework */; };
		F8551D5F1923B75600F3A77A /* InfoPlist.strings in Resources */ = {isa = PBXBuildFile; fileRef = F8551D5D1923B75600F3A77A /* InfoPlist.strings */; };
		F8551D611923B75600F3A77A /* main.m in Sources */ = {isa = PBXBuildFile; fileRef = F8551D601923B75600F3A77A /* main.m */; };
		F8551D651923B75600F3A77A /* STCAppDelegate.m in Sources */ = {isa = PBXBuildFile; fileRef = F8551D641923B75600F3A77A /* STCAppDelegate.m */; };
		F8551D681923B75600F3A77A /* Main.storyboard in Resources */ = {isa = PBXBuildFile; fileRef = F8551D661923B75600F3A77A /* Main.storyboard */; };
		F8551D6B1923B75600F3A77A /* STCViewController.m in Sources */ = {isa = PBXBuildFile; fileRef = F8551D6A1923B75600F3A77A /* STCViewController.m */; };
		F8551D6D1923B75600F3A77A /* Images.xcassets in Resources */ = {isa = PBXBuildFile; fileRef = F8551D6C1923B75600F3A77A /* Images.xcassets */; };
		F8551D741923B75600F3A77A /* XCTest.framework in Frameworks */ = {isa = PBXBuildFile; fileRef = F8551D731923B75600F3A77A /* XCTest.framework */; };
		F8551D751923B75600F3A77A /* Foundation.framework in Frameworks */ = {isa = PBXBuildFile; fileRef = F8551D541923B75600F3A77A /* Foundation.framework */; };
		F8551D761923B75600F3A77A /* UIKit.framework in Frameworks */ = {isa = PBXBuildFile; fileRef = F8551D581923B75600F3A77A /* UIKit.framework */; };
		F8551D7E1923B75600F3A77A /* InfoPlist.strings in Resources */ = {isa = PBXBuildFile; fileRef = F8551D7C1923B75600F3A77A /* InfoPlist.strings */; };
		F8551D801923B75600F3A77A /* A_View_Into_the_WorldTests.m in Sources */ = {isa = PBXBuildFile; fileRef = F8551D7F1923B75600F3A77A /* A_View_Into_the_WorldTests.m */; };
/* End PBXBuildFile section */

/* Begin PBXContainerItemProxy section */
		F8551D771923B75600F3A77A /* PBXContainerItemProxy */ = {
			isa = PBXContainerItemProxy;
			containerPortal = F8551D491923B75600F3A77A /* Project object */;
			proxyType = 1;
			remoteGlobalIDString = F8551D501923B75600F3A77A;
			remoteInfo = "A View Into the World";
		};
/* End PBXContainerItemProxy section */

/* Begin PBXFileReference section */
		F8551D511923B75600F3A77A /* A View Into the World.app */ = {isa = PBXFileReference; explicitFileType = wrapper.application; includeInIndex = 0; path = "A View Into the World.app"; sourceTree = BUILT_PRODUCTS_DIR; };
		F8551D541923B75600F3A77A /* Foundation.framework */ = {isa = PBXFileReference; lastKnownFileType = wrapper.framework; name = Foundation.framework; path = System/Library/Frameworks/Foundation.framework; sourceTree = SDKROOT; };
		F8551D561923B75600F3A77A /* CoreGraphics.framework */ = {isa = PBXFileReference; lastKnownFileType = wrapper.framework; name = CoreGraphics.framework; path = System/Library/Frameworks/CoreGraphics.framework; sourceTree = SDKROOT; };
		F8551D581923B75600F3A77A /* UIKit.framework */ = {isa = PBXFileReference; lastKnownFileType = wrapper.framework; name = UIKit.framework; path = System/Library/Frameworks/UIKit.framework; sourceTree = SDKROOT; };
		F8551D5C1923B75600F3A77A /* A View Into the World-Info.plist */ = {isa = PBXFileReference; lastKnownFileType = text.plist.xml; path = "A View Into the World-Info.plist"; sourceTree = "<group>"; };
		F8551D5E1923B75600F3A77A /* en */ = {isa = PBXFileReference; lastKnownFileType = text.plist.strings; name = en; path = en.lproj/InfoPlist.strings; sourceTree = "<group>"; };
		F8551D601923B75600F3A77A /* main.m */ = {isa = PBXFileReference; lastKnownFileType = sourcecode.c.objc; path = main.m; sourceTree = "<group>"; };
		F8551D621923B75600F3A77A /* A View Into the World-Prefix.pch */ = {isa = PBXFileReference; lastKnownFileType = sourcecode.c.h; path = "A View Into the World-Prefix.pch"; sourceTree = "<group>"; };
		F8551D631923B75600F3A77A /* STCAppDelegate.h */ = {isa = PBXFileReference; lastKnownFileType = sourcecode.c.h; path = STCAppDelegate.h; sourceTree = "<group>"; };
		F8551D641923B75600F3A77A /* STCAppDelegate.m */ = {isa = PBXFileReference; lastKnownFileType = sourcecode.c.objc; path = STCAppDelegate.m; sourceTree = "<group>"; };
		F8551D671923B75600F3A77A /* Base */ = {isa = PBXFileReference; lastKnownFileType = file.storyboard; name = Base; path = Base.lproj/Main.storyboard; sourceTree = "<group>"; };
		F8551D691923B75600F3A77A /* STCViewController.h */ = {isa = PBXFileReference; lastKnownFileType = sourcecode.c.h; path = STCViewController.h; sourceTree = "<group>"; };
		F8551D6A1923B75600F3A77A /* STCViewController.m */ = {isa = PBXFileReference; lastKnownFileType = sourcecode.c.objc; path = STCViewController.m; sourceTree = "<group>"; };
		F8551D6C1923B75600F3A77A /* Images.xcassets */ = {isa = PBXFileReference; lastKnownFileType = folder.assetcatalog; path = Images.xcassets; sourceTree = "<group>"; };
		F8551D721923B75600F3A77A /* A View Into the WorldTests.xctest */ = {isa = PBXFileReference; explicitFileType = wrapper.cfbundle; includeInIndex = 0; path = "A View Into the WorldTests.xctest"; sourceTree = BUILT_PRODUCTS_DIR; };
		F8551D731923B75600F3A77A /* XCTest.framework */ = {isa = PBXFileReference; lastKnownFileType = wrapper.framework; name = XCTest.framework; path = Library/Frameworks/XCTest.framework; sourceTree = DEVELOPER_DIR; };
		F8551D7B1923B75600F3A77A /* A View Into the WorldTests-Info.plist */ = {isa = PBXFileReference; lastKnownFileType = text.plist.xml; path = "A View Into the WorldTests-Info.plist"; sourceTree = "<group>"; };
		F8551D7D1923B75600F3A77A /* en */ = {isa = PBXFileReference; lastKnownFileType = text.plist.strings; name = en; path = en.lproj/InfoPlist.strings; sourceTree = "<group>"; };
		F8551D7F1923B75600F3A77A /* A_View_Into_the_WorldTests.m */ = {isa = PBXFileReference; lastKnownFileType = sourcecode.c.objc; path = A_View_Into_the_WorldTests.m; sourceTree = "<group>"; };
/* End PBXFileReference section */

/* Begin PBXFrameworksBuildPhase section */
		F8551D4E1923B75600F3A77A /* Frameworks */ = {
			isa = PBXFrameworksBuildPhase;
			buildActionMask = 2147483647;
			files = (
				F8551D571923B75600F3A77A /* CoreGraphics.framework in Frameworks */,
				F8551D591923B75600F3A77A /* UIKit.framework in Frameworks */,
				F8551D551923B75600F3A77A /* Foundation.framework in Frameworks */,
			);
			runOnlyForDeploymentPostprocessing = 0;
		};
		F8551D6F1923B75600F3A77A /* Frameworks */ = {
			isa = PBXFrameworksBuildPhase;
			buildActionMask = 2147483647;
			files = (
				F8551D741923B75600F3A77A /* XCTest.framework in Frameworks */,
				F8551D761923B75600F3A77A /* UIKit.framework in Frameworks */,
				F8551D751923B75600F3A77A /* Foundation.framework in Frameworks */,
			);
			runOnlyForDeploymentPostprocessing = 0;
		};
/* End PBXFrameworksBuildPhase section */

/* Begin PBXGroup section */
		F8551D481923B75600F3A77A = {
			isa = PBXGroup;
			children = (
				F8551D5A1923B75600F3A77A /* A View Into the World */,
				F8551D791923B75600F3A77A /* A View Into the WorldTests */,
				F8551D531923B75600F3A77A /* Frameworks */,
				F8551D521923B75600F3A77A /* Products */,
			);
			sourceTree = "<group>";
		};
		F8551D521923B75600F3A77A /* Products */ = {
			isa = PBXGroup;
			children = (
				F8551D511923B75600F3A77A /* A View Into the World.app */,
				F8551D721923B75600F3A77A /* A View Into the WorldTests.xctest */,
			);
			name = Products;
			sourceTree = "<group>";
		};
		F8551D531923B75600F3A77A /* Frameworks */ = {
			isa = PBXGroup;
			children = (
				F8551D541923B75600F3A77A /* Foundation.framework */,
				F8551D561923B75600F3A77A /* CoreGraphics.framework */,
				F8551D581923B75600F3A77A /* UIKit.framework */,
				F8551D731923B75600F3A77A /* XCTest.framework */,
			);
			name = Frameworks;
			sourceTree = "<group>";
		};
		F8551D5A1923B75600F3A77A /* A View Into the World */ = {
			isa = PBXGroup;
			children = (
				F8551D631923B75600F3A77A /* STCAppDelegate.h */,
				F8551D641923B75600F3A77A /* STCAppDelegate.m */,
				F8551D661923B75600F3A77A /* Main.storyboard */,
				F8551D691923B75600F3A77A /* STCViewController.h */,
				F8551D6A1923B75600F3A77A /* STCViewController.m */,
				F8551D6C1923B75600F3A77A /* Images.xcassets */,
				F8551D5B1923B75600F3A77A /* Supporting Files */,
			);
			path = "A View Into the World";
			sourceTree = "<group>";
		};
		F8551D5B1923B75600F3A77A /* Supporting Files */ = {
			isa = PBXGroup;
			children = (
				F8551D5C1923B75600F3A77A /* A View Into the World-Info.plist */,
				F8551D5D1923B75600F3A77A /* InfoPlist.strings */,
				F8551D601923B75600F3A77A /* main.m */,
				F8551D621923B75600F3A77A /* A View Into the World-Prefix.pch */,
			);
			name = "Supporting Files";
			sourceTree = "<group>";
		};
		F8551D791923B75600F3A77A /* A View Into the WorldTests */ = {
			isa = PBXGroup;
			children = (
				F8551D7F1923B75600F3A77A /* A_View_Into_the_WorldTests.m */,
				F8551D7A1923B75600F3A77A /* Supporting Files */,
			);
			path = "A View Into the WorldTests";
			sourceTree = "<group>";
		};
		F8551D7A1923B75600F3A77A /* Supporting Files */ = {
			isa = PBXGroup;
			children = (
				F8551D7B1923B75600F3A77A /* A View Into the WorldTests-Info.plist */,
				F8551D7C1923B75600F3A77A /* InfoPlist.strings */,
			);
			name = "Supporting Files";
			sourceTree = "<group>";
		};
/* End PBXGroup section */

/* Begin PBXNativeTarget section */
		F8551D501923B75600F3A77A /* A View Into the World */ = {
			isa = PBXNativeTarget;
			buildConfigurationList = F8551D831923B75600F3A77A /* Build configuration list for PBXNativeTarget "A View Into the World" */;
			buildPhases = (
				F8551D4D1923B75600F3A77A /* Sources */,
				F8551D4E1923B75600F3A77A /* Frameworks */,
				F8551D4F1923B75600F3A77A /* Resources */,
			);
			buildRules = (
			);
			dependencies = (
			);
			name = "A View Into the World";
			productName = "A View Into the World";
			productReference = F8551D511923B75600F3A77A /* A View Into the World.app */;
			productType = "com.apple.product-type.application";
		};
		F8551D711923B75600F3A77A /* A View Into the WorldTests */ = {
			isa = PBXNativeTarget;
			buildConfigurationList = F8551D861923B75600F3A77A /* Build configuration list for PBXNativeTarget "A View Into the WorldTests" */;
			buildPhases = (
				F8551D6E1923B75600F3A77A /* Sources */,
				F8551D6F1923B75600F3A77A /* Frameworks */,
				F8551D701923B75600F3A77A /* Resources */,
			);
			buildRules = (
			);
			dependencies = (
				F8551D781923B75600F3A77A /* PBXTargetDependency */,
			);
			name = "A View Into the WorldTests";
			productName = "A View Into the WorldTests";
			productReference = F8551D721923B75600F3A77A /* A View Into the WorldTests.xctest */;
			productType = "com.apple.product-type.bundle.unit-test";
		};
/* End PBXNativeTarget section */

/* Begin PBXProject section */
		F8551D491923B75600F3A77A /* Project object */ = {
			isa = PBXProject;
			attributes = {
				CLASSPREFIX = STC;
				LastUpgradeCheck = 0510;
				ORGANIZATIONNAME = "One foot after the other";
				TargetAttributes = {
					F8551D711923B75600F3A77A = {
						TestTargetID = F8551D501923B75600F3A77A;
					};
				};
			};
			buildConfigurationList = F8551D4C1923B75600F3A77A /* Build configuration list for PBXProject "A View Into the World" */;
			compatibilityVersion = "Xcode 3.2";
			developmentRegion = English;
			hasScannedForEncodings = 0;
			knownRegions = (
				en,
				Base,
			);
			mainGroup = F8551D481923B75600F3A77A;
			productRefGroup = F8551D521923B75600F3A77A /* Products */;
			projectDirPath = "";
			projectRoot = "";
			targets = (
				F8551D501923B75600F3A77A /* A View Into the World */,
				F8551D711923B75600F3A77A /* A View Into the WorldTests */,
			);
		};
/* End PBXProject section */

/* Begin PBXResourcesBuildPhase section */
		F8551D4F1923B75600F3A77A /* Resources */ = {
			isa = PBXResourcesBuildPhase;
			buildActionMask = 2147483647;
			files = (
				F8551D6D1923B75600F3A77A /* Images.xcassets in Resources */,
				F8551D5F1923B75600F3A77A /* InfoPlist.strings in Resources */,
				F8551D681923B75600F3A77A /* Main.storyboard in Resources */,
			);
			runOnlyForDeploymentPostprocessing = 0;
		};
		F8551D701923B75600F3A77A /* Resources */ = {
			isa = PBXResourcesBuildPhase;
			buildActionMask = 2147483647;
			files = (
				F8551D7E1923B75600F3A77A /* InfoPlist.strings in Resources */,
			);
			runOnlyForDeploymentPostprocessing = 0;
		};
/* End PBXResourcesBuildPhase section */

/* Begin PBXSourcesBuildPhase section */
		F8551D4D1923B75600F3A77A /* Sources */ = {
			isa = PBXSourcesBuildPhase;
			buildActionMask = 2147483647;
			files = (
				F8551D611923B75600F3A77A /* main.m in Sources */,
				F8551D6B1923B75600F3A77A /* STCViewController.m in Sources */,
				F8551D651923B75600F3A77A /* STCAppDelegate.m in Sources */,
			);
			runOnlyForDeploymentPostprocessing = 0;
		};
		F8551D6E1923B75600F3A77A /* Sources */ = {
			isa = PBXSourcesBuildPhase;
			buildActionMask = 2147483647;
			files = (
				F8551D801923B75600F3A77A /* A_View_Into_the_WorldTests.m in Sources */,
			);
			runOnlyForDeploymentPostprocessing = 0;
		};
/* End PBXSourcesBuildPhase section */

/* Begin PBXTargetDependency section */
		F8551D781923B75600F3A77A /* PBXTargetDependency */ = {
			isa = PBXTargetDependency;
			target = F8551D501923B75600F3A77A /* A View Into the World */;
			targetProxy = F8551D771923B75600F3A77A /* PBXContainerItemProxy */;
		};
/* End PBXTargetDependency section */

/* Begin PBXVariantGroup section */
		F8551D5D1923B75600F3A77A /* InfoPlist.strings */ = {
			isa = PBXVariantGroup;
			children = (
				F8551D5E1923B75600F3A77A /* en */,
			);
			name = InfoPlist.strings;
			sourceTree = "<group>";
		};
		F8551D661923B75600F3A77A /* Main.storyboard */ = {
			isa = PBXVariantGroup;
			children = (
				F8551D671923B75600F3A77A /* Base */,
			);
			name = Main.storyboard;
			sourceTree = "<group>";
		};
		F8551D7C1923B75600F3A77A /* InfoPlist.strings */ = {
			isa = PBXVariantGroup;
			children = (
				F8551D7D1923B75600F3A77A /* en */,
			);
			name = InfoPlist.strings;
			sourceTree = "<group>";
		};
/* End PBXVariantGroup section */

/* Begin XCBuildConfiguration section */
		F8551D811923B75600F3A77A /* Debug */ = {
			isa = XCBuildConfiguration;
			buildSettings = {
				ALWAYS_SEARCH_USER_PATHS = NO;
				CLANG_CXX_LANGUAGE_STANDARD = "gnu++0x";
				CLANG_CXX_LIBRARY = "libc++";
				CLANG_ENABLE_MODULES = YES;
				CLANG_ENABLE_OBJC_ARC = YES;
				CLANG_WARN_BOOL_CONVERSION = YES;
				CLANG_WARN_CONSTANT_CONVERSION = YES;
				CLANG_WARN_DIRECT_OBJC_ISA_USAGE = YES_ERROR;
				CLANG_WARN_EMPTY_BODY = YES;
				CLANG_WARN_ENUM_CONVERSION = YES;
				CLANG_WARN_INT_CONVERSION = YES;
				CLANG_WARN_OBJC_ROOT_CLASS = YES_ERROR;
				CLANG_WARN__DUPLICATE_METHOD_MATCH = YES;
				"CODE_SIGN_IDENTITY[sdk=iphoneos*]" = "iPhone Developer";
				COPY_PHASE_STRIP = NO;
				GCC_C_LANGUAGE_STANDARD = gnu99;
				GCC_DYNAMIC_NO_PIC = NO;
				GCC_OPTIMIZATION_LEVEL = 0;
				GCC_PREPROCESSOR_DEFINITIONS = (
					"DEBUG=1",
					"$(inherited)",
				);
				GCC_SYMBOLS_PRIVATE_EXTERN = NO;
				GCC_WARN_64_TO_32_BIT_CONVERSION = YES;
				GCC_WARN_ABOUT_RETURN_TYPE = YES_ERROR;
				GCC_WARN_UNDECLARED_SELECTOR = YES;
				GCC_WARN_UNINITIALIZED_AUTOS = YES_AGGRESSIVE;
				GCC_WARN_UNUSED_FUNCTION = YES;
				GCC_WARN_UNUSED_VARIABLE = YES;
				IPHONEOS_DEPLOYMENT_TARGET = 7.1;
				ONLY_ACTIVE_ARCH = YES;
				SDKROOT = iphoneos;
			};
			name = Debug;
		};
		F8551D821923B75600F3A77A /* Release */ = {
			isa = XCBuildConfiguration;
			buildSettings = {
				ALWAYS_SEARCH_USER_PATHS = NO;
				CLANG_CXX_LANGUAGE_STANDARD = "gnu++0x";
				CLANG_CXX_LIBRARY = "libc++";
				CLANG_ENABLE_MODULES = YES;
				CLANG_ENABLE_OBJC_ARC = YES;
				CLANG_WARN_BOOL_CONVERSION = YES;
				CLANG_WARN_CONSTANT_CONVERSION = YES;
				CLANG_WARN_DIRECT_OBJC_ISA_USAGE = YES_ERROR;
				CLANG_WARN_EMPTY_BODY = YES;
				CLANG_WARN_ENUM_CONVERSION = YES;
				CLANG_WARN_INT_CONVERSION = YES;
				CLANG_WARN_OBJC_ROOT_CLASS = YES_ERROR;
				CLANG_WARN__DUPLICATE_METHOD_MATCH = YES;
				"CODE_SIGN_IDENTITY[sdk=iphoneos*]" = "iPhone Developer";
				COPY_PHASE_STRIP = YES;
				ENABLE_NS_ASSERTIONS = NO;
				GCC_C_LANGUAGE_STANDARD = gnu99;
				GCC_WARN_64_TO_32_BIT_CONVERSION = YES;
				GCC_WARN_ABOUT_RETURN_TYPE = YES_ERROR;
				GCC_WARN_UNDECLARED_SELECTOR = YES;
				GCC_WARN_UNINITIALIZED_AUTOS = YES_AGGRESSIVE;
				GCC_WARN_UNUSED_FUNCTION = YES;
				GCC_WARN_UNUSED_VARIABLE = YES;
				IPHONEOS_DEPLOYMENT_TARGET = 7.1;
				SDKROOT = iphoneos;
				VALIDATE_PRODUCT = YES;
			};
			name = Release;
		};
		F8551D841923B75600F3A77A /* Debug */ = {
			isa = XCBuildConfiguration;
			buildSettings = {
				ASSETCATALOG_COMPILER_APPICON_NAME = AppIcon;
				ASSETCATALOG_COMPILER_LAUNCHIMAGE_NAME = LaunchImage;
				GCC_PRECOMPILE_PREFIX_HEADER = YES;
				GCC_PREFIX_HEADER = "A View Into the World/A View Into the World-Prefix.pch";
				INFOPLIST_FILE = "A View Into the World/A View Into the World-Info.plist";
				PRODUCT_NAME = "$(TARGET_NAME)";
				WRAPPER_EXTENSION = app;
			};
			name = Debug;
		};
		F8551D851923B75600F3A77A /* Release */ = {
			isa = XCBuildConfiguration;
			buildSettings = {
				ASSETCATALOG_COMPILER_APPICON_NAME = AppIcon;
				ASSETCATALOG_COMPILER_LAUNCHIMAGE_NAME = LaunchImage;
				GCC_PRECOMPILE_PREFIX_HEADER = YES;
				GCC_PREFIX_HEADER = "A View Into the World/A View Into the World-Prefix.pch";
				INFOPLIST_FILE = "A View Into the World/A View Into the World-Info.plist";
				PRODUCT_NAME = "$(TARGET_NAME)";
				WRAPPER_EXTENSION = app;
			};
			name = Release;
		};
		F8551D871923B75600F3A77A /* Debug */ = {
			isa = XCBuildConfiguration;
			buildSettings = {
				BUNDLE_LOADER = "$(BUILT_PRODUCTS_DIR)/A View Into the World.app/A View Into the World";
				FRAMEWORK_SEARCH_PATHS = (
					"$(SDKROOT)/Developer/Library/Frameworks",
					"$(inherited)",
					"$(DEVELOPER_FRAMEWORKS_DIR)",
				);
				GCC_PRECOMPILE_PREFIX_HEADER = YES;
				GCC_PREFIX_HEADER = "A View Into the World/A View Into the World-Prefix.pch";
				GCC_PREPROCESSOR_DEFINITIONS = (
					"DEBUG=1",
					"$(inherited)",
				);
				INFOPLIST_FILE = "A View Into the WorldTests/A View Into the WorldTests-Info.plist";
				PRODUCT_NAME = "$(TARGET_NAME)";
				TEST_HOST = "$(BUNDLE_LOADER)";
				WRAPPER_EXTENSION = xctest;
			};
			name = Debug;
		};
		F8551D881923B75600F3A77A /* Release */ = {
			isa = XCBuildConfiguration;
			buildSettings = {
				BUNDLE_LOADER = "$(BUILT_PRODUCTS_DIR)/A View Into the World.app/A View Into the World";
				FRAMEWORK_SEARCH_PATHS = (
					"$(SDKROOT)/Developer/Library/Frameworks",
					"$(inherited)",
					"$(DEVELOPER_FRAMEWORKS_DIR)",
				);
				GCC_PRECOMPILE_PREFIX_HEADER = YES;
				GCC_PREFIX_HEADER = "A View Into the World/A View Into the World-Prefix.pch";
				INFOPLIST_FILE = "A View Into the WorldTests/A View Into the WorldTests-Info.plist";
				PRODUCT_NAME = "$(TARGET_NAME)";
				TEST_HOST = "$(BUNDLE_LOADER)";
				WRAPPER_EXTENSION = xctest;
			};
			name = Release;
		};
/* End XCBuildConfiguration section */

/* Begin XCConfigurationList section */
		F8551D4C1923B75600F3A77A /* Build configuration list for PBXProject "A View Into the World" */ = {
			isa = XCConfigurationList;
			buildConfigurations = (
				F8551D811923B75600F3A77A /* Debug */,
				F8551D821923B75600F3A77A /* Release */,
			);
			defaultConfigurationIsVisible = 0;
			defaultConfigurationName = Release;
		};
		F8551D831923B75600F3A77A /* Build configuration list for PBXNativeTarget "A View Into the World" */ = {
			isa = XCConfigurationList;
			buildConfigurations = (
				F8551D841923B75600F3A77A /* Debug */,
				F8551D851923B75600F3A77A /* Release */,
			);
			defaultConfigurationIsVisible = 0;
		};
		F8551D861923B75600F3A77A /* Build configuration list for PBXNativeTarget "A View Into the WorldTests" */ = {
			isa = XCConfigurationList;
			buildConfigurations = (
				F8551D871923B75600F3A77A /* Debug */,
				F8551D881923B75600F3A77A /* Release */,
			);
			defaultConfigurationIsVisible = 0;
		};
/* End XCConfigurationList section */
	};
	rootObject = F8551D491923B75600F3A77A /* Project object */;
}
